# This file is automatically @generated by Cargo.
# It is not intended for manual editing.
version = 3

[[package]]
name = "bitflags"
version = "1.3.2"
source = "registry+https://github.com/rust-lang/crates.io-index"
checksum = "bef38d45163c2f1dde094a7dfd33ccf595c92905c8f8f4fdc18d06fb1037718a"

[[package]]
name = "cc"
version = "1.0.83"
source = "registry+https://github.com/rust-lang/crates.io-index"
checksum = "f1174fb0b6ec23863f8b971027804a42614e347eafb0a95bf0b12cdae21fc4d0"
dependencies = [
 "libc",
]

[[package]]
name = "lazy_static"
version = "0.2.11"
source = "registry+https://github.com/rust-lang/crates.io-index"
checksum = "76f033c7ad61445c5b347c7382dd1237847eb1bce590fe50365dcb33d546be73"

[[package]]
name = "lazy_static"
version = "1.4.0"
source = "registry+https://github.com/rust-lang/crates.io-index"
checksum = "e2abad23fbc42b3700f2f279844dc832adb2b2eb069b2df918f455c4e18cc646"

[[package]]
name = "libc"
version = "0.2.152"
source = "registry+https://github.com/rust-lang/crates.io-index"
checksum = "13e3bf6590cbc649f4d1a3eefc9d5d6eb746f5200ffb04e5e142700b8faa56e7"

[[package]]
name = "onig"
version = "4.3.3"
source = "registry+https://github.com/rust-lang/crates.io-index"
checksum = "8518fcb2b1b8c2f45f0ad499df4fda6087fc3475ca69a185c173b8315d2fb383"
dependencies = [
 "bitflags",
 "lazy_static 1.4.0",
 "libc",
 "onig_sys",
]

[[package]]
name = "onig_sys"
version = "69.1.0"
source = "registry+https://github.com/rust-lang/crates.io-index"
checksum = "388410bf5fa341f10e58e6db3975f4bea1ac30247dd79d37a9e5ced3cb4cc3b0"
dependencies = [
 "cc",
 "pkg-config",
]

[[package]]
name = "pkg-config"
version = "0.3.29"
source = "registry+https://github.com/rust-lang/crates.io-index"
checksum = "2900ede94e305130c13ddd391e0ab7cbaeb783945ae07a279c268cb05109c6cb"

[[package]]
name = "test-paser"
version = "0.1.0"
dependencies = [
 "lazy_static 0.2.11",
 "onig",
]

[[package]]
name = "thailang"
version = "0.1.0"
dependencies = [
 "test-paser",
]
